// !$*UTF8*$!
{
	archiveVersion = 1;
	classes = {
	};
	objectVersion = 56;
	objects = {

/* Begin PBXBuildFile section */
		322E52F62C13EE17002AFB73 /* libGLEW.2.2.0.dylib in Frameworks */ = {isa = PBXBuildFile; fileRef = 322E52F52C13EE17002AFB73 /* libGLEW.2.2.0.dylib */; };
		322E52F72C13EE17002AFB73 /* libGLEW.2.2.0.dylib in Embed Libraries */ = {isa = PBXBuildFile; fileRef = 322E52F52C13EE17002AFB73 /* libGLEW.2.2.0.dylib */; settings = {ATTRIBUTES = (CodeSignOnCopy, ); }; };
		322E52FA2C13F6E2002AFB73 /* window.cpp in Sources */ = {isa = PBXBuildFile; fileRef = 322E52F82C13F6E2002AFB73 /* window.cpp */; };
		322E52FC2C13FD88002AFB73 /* libSDL2-2.0.0.dylib in Frameworks */ = {isa = PBXBuildFile; fileRef = 322E52FB2C13FD88002AFB73 /* libSDL2-2.0.0.dylib */; };
		322E52FD2C13FD88002AFB73 /* libSDL2-2.0.0.dylib in Embed Libraries */ = {isa = PBXBuildFile; fileRef = 322E52FB2C13FD88002AFB73 /* libSDL2-2.0.0.dylib */; settings = {ATTRIBUTES = (CodeSignOnCopy, ); }; };
		322E53062C14A5CF002AFB73 /* rendering.cpp in Sources */ = {isa = PBXBuildFile; fileRef = 322E53042C14A5CF002AFB73 /* rendering.cpp */; };
		322E53092C1532E6002AFB73 /* primitive.cpp in Sources */ = {isa = PBXBuildFile; fileRef = 322E53072C1532E6002AFB73 /* primitive.cpp */; };
		323A00E32C0AA4360056BAD1 /* libglfw.3.4.dylib in Frameworks */ = {isa = PBXBuildFile; fileRef = 323A00E22C0AA4360056BAD1 /* libglfw.3.4.dylib */; };
		323A00E42C0AA4360056BAD1 /* libglfw.3.4.dylib in Embed Libraries */ = {isa = PBXBuildFile; fileRef = 323A00E22C0AA4360056BAD1 /* libglfw.3.4.dylib */; settings = {ATTRIBUTES = (CodeSignOnCopy, ); }; };
		323A00E72C0AC3530056BAD1 /* glad.c in Sources */ = {isa = PBXBuildFile; fileRef = 323A00E62C0AC3530056BAD1 /* glad.c */; };
		323A00EE2C0AC7440056BAD1 /* commander.cpp in Sources */ = {isa = PBXBuildFile; fileRef = 323A00EC2C0AC7440056BAD1 /* commander.cpp */; };
		326A8BEF2C0A2BC200E30250 /* OpenGL.framework in Frameworks */ = {isa = PBXBuildFile; fileRef = 326A8BE72C0A28E300E30250 /* OpenGL.framework */; };
		3278B0C22C097C5500DF6489 /* main.cpp in Sources */ = {isa = PBXBuildFile; fileRef = 3278B0C12C097C5500DF6489 /* main.cpp */; };
		32948FAD2C157E65007A0078 /* glexception.cpp in Sources */ = {isa = PBXBuildFile; fileRef = 32948FAB2C157E65007A0078 /* glexception.cpp */; };
		329490112C15F074007A0078 /* imgui_demo.cpp in Sources */ = {isa = PBXBuildFile; fileRef = 329490012C15F074007A0078 /* imgui_demo.cpp */; };
		329490122C15F074007A0078 /* imgui_impl_glfw.cpp in Sources */ = {isa = PBXBuildFile; fileRef = 329490022C15F074007A0078 /* imgui_impl_glfw.cpp */; };
		329490132C15F074007A0078 /* imgui_draw.cpp in Sources */ = {isa = PBXBuildFile; fileRef = 329490062C15F074007A0078 /* imgui_draw.cpp */; };
		329490142C15F074007A0078 /* imgui_widgets.cpp in Sources */ = {isa = PBXBuildFile; fileRef = 3294900B2C15F074007A0078 /* imgui_widgets.cpp */; };
		329490152C15F074007A0078 /* imgui_impl_opengl3.cpp in Sources */ = {isa = PBXBuildFile; fileRef = 3294900C2C15F074007A0078 /* imgui_impl_opengl3.cpp */; };
		329490162C15F074007A0078 /* imgui.cpp in Sources */ = {isa = PBXBuildFile; fileRef = 3294900E2C15F074007A0078 /* imgui.cpp */; };
		329490172C15F074007A0078 /* imgui_tables.cpp in Sources */ = {isa = PBXBuildFile; fileRef = 329490102C15F074007A0078 /* imgui_tables.cpp */; };
/* End PBXBuildFile section */

/* Begin PBXCopyFilesBuildPhase section */
		323A00E52C0AA4360056BAD1 /* Embed Libraries */ = {
			isa = PBXCopyFilesBuildPhase;
			buildActionMask = 2147483647;
			dstPath = "";
			dstSubfolderSpec = 10;
			files = (
				322E52FD2C13FD88002AFB73 /* libSDL2-2.0.0.dylib in Embed Libraries */,
				323A00E42C0AA4360056BAD1 /* libglfw.3.4.dylib in Embed Libraries */,
				322E52F72C13EE17002AFB73 /* libGLEW.2.2.0.dylib in Embed Libraries */,
			);
			name = "Embed Libraries";
			runOnlyForDeploymentPostprocessing = 0;
		};
		3278B0BC2C097C5500DF6489 /* CopyFiles */ = {
			isa = PBXCopyFilesBuildPhase;
			buildActionMask = 2147483647;
			dstPath = /usr/share/man/man1/;
			dstSubfolderSpec = 0;
			files = (
			);
			runOnlyForDeploymentPostprocessing = 1;
		};
/* End PBXCopyFilesBuildPhase section */

/* Begin PBXFileReference section */
		32251A072C0D2FE400049D9C /* GLUT.framework */ = {isa = PBXFileReference; lastKnownFileType = wrapper.framework; name = GLUT.framework; path = System/Library/Frameworks/GLUT.framework; sourceTree = SDKROOT; };
		322E52F52C13EE17002AFB73 /* libGLEW.2.2.0.dylib */ = {isa = PBXFileReference; lastKnownFileType = "compiled.mach-o.dylib"; name = libGLEW.2.2.0.dylib; path = ../../../../opt/homebrew/Cellar/glew/2.2.0_1/lib/libGLEW.2.2.0.dylib; sourceTree = "<group>"; };
		322E52F82C13F6E2002AFB73 /* window.cpp */ = {isa = PBXFileReference; lastKnownFileType = sourcecode.cpp.cpp; path = window.cpp; sourceTree = "<group>"; };
		322E52F92C13F6E2002AFB73 /* window.hpp */ = {isa = PBXFileReference; lastKnownFileType = sourcecode.cpp.h; path = window.hpp; sourceTree = "<group>"; };
		322E52FB2C13FD88002AFB73 /* libSDL2-2.0.0.dylib */ = {isa = PBXFileReference; lastKnownFileType = "compiled.mach-o.dylib"; name = "libSDL2-2.0.0.dylib"; path = "../../../../opt/homebrew/Cellar/sdl2/2.30.3/lib/libSDL2-2.0.0.dylib"; sourceTree = "<group>"; };
		322E52FE2C140339002AFB73 /* libsfml-system.2.6.1.dylib */ = {isa = PBXFileReference; lastKnownFileType = "compiled.mach-o.dylib"; name = "libsfml-system.2.6.1.dylib"; path = "../../../../opt/homebrew/Cellar/sfml/2.6.1/lib/libsfml-system.2.6.1.dylib"; sourceTree = "<group>"; };
		322E52FF2C14033A002AFB73 /* libsfml-window.2.6.1.dylib */ = {isa = PBXFileReference; lastKnownFileType = "compiled.mach-o.dylib"; name = "libsfml-window.2.6.1.dylib"; path = "../../../../opt/homebrew/Cellar/sfml/2.6.1/lib/libsfml-window.2.6.1.dylib"; sourceTree = "<group>"; };
		322E53042C14A5CF002AFB73 /* rendering.cpp */ = {isa = PBXFileReference; lastKnownFileType = sourcecode.cpp.cpp; path = rendering.cpp; sourceTree = "<group>"; };
		322E53052C14A5CF002AFB73 /* rendering.hpp */ = {isa = PBXFileReference; lastKnownFileType = sourcecode.cpp.h; path = rendering.hpp; sourceTree = "<group>"; };
		322E53072C1532E6002AFB73 /* primitive.cpp */ = {isa = PBXFileReference; lastKnownFileType = sourcecode.cpp.cpp; path = primitive.cpp; sourceTree = "<group>"; };
		322E53082C1532E6002AFB73 /* primitive.hpp */ = {isa = PBXFileReference; lastKnownFileType = sourcecode.cpp.h; path = primitive.hpp; sourceTree = "<group>"; };
		323A00E22C0AA4360056BAD1 /* libglfw.3.4.dylib */ = {isa = PBXFileReference; lastKnownFileType = "compiled.mach-o.dylib"; name = libglfw.3.4.dylib; path = ../../../../opt/homebrew/Cellar/glfw/3.4/lib/libglfw.3.4.dylib; sourceTree = "<group>"; };
		323A00E62C0AC3530056BAD1 /* glad.c */ = {isa = PBXFileReference; fileEncoding = 4; lastKnownFileType = sourcecode.c.c; name = glad.c; path = "../../OpenGL/glad-4.1/src/glad.c"; sourceTree = "<group>"; };
		323A00EC2C0AC7440056BAD1 /* commander.cpp */ = {isa = PBXFileReference; lastKnownFileType = sourcecode.cpp.cpp; path = commander.cpp; sourceTree = "<group>"; };
		323A00ED2C0AC7440056BAD1 /* commander.hpp */ = {isa = PBXFileReference; lastKnownFileType = sourcecode.cpp.h; path = commander.hpp; sourceTree = "<group>"; };
		326A8BE72C0A28E300E30250 /* OpenGL.framework */ = {isa = PBXFileReference; lastKnownFileType = wrapper.framework; name = OpenGL.framework; path = System/Library/Frameworks/OpenGL.framework; sourceTree = SDKROOT; };
		3278B0BE2C097C5500DF6489 /* GV_Core_with_OpenGL */ = {isa = PBXFileReference; explicitFileType = "compiled.mach-o.executable"; includeInIndex = 0; path = GV_Core_with_OpenGL; sourceTree = BUILT_PRODUCTS_DIR; };
		3278B0C12C097C5500DF6489 /* main.cpp */ = {isa = PBXFileReference; lastKnownFileType = sourcecode.cpp.cpp; path = main.cpp; sourceTree = "<group>"; };
		32948FAB2C157E65007A0078 /* glexception.cpp */ = {isa = PBXFileReference; lastKnownFileType = sourcecode.cpp.cpp; path = glexception.cpp; sourceTree = "<group>"; };
		32948FAC2C157E65007A0078 /* glexception.hpp */ = {isa = PBXFileReference; lastKnownFileType = sourcecode.cpp.h; path = glexception.hpp; sourceTree = "<group>"; };
		329490012C15F074007A0078 /* imgui_demo.cpp */ = {isa = PBXFileReference; fileEncoding = 4; lastKnownFileType = sourcecode.cpp.cpp; path = imgui_demo.cpp; sourceTree = "<group>"; };
		329490022C15F074007A0078 /* imgui_impl_glfw.cpp */ = {isa = PBXFileReference; fileEncoding = 4; lastKnownFileType = sourcecode.cpp.cpp; path = imgui_impl_glfw.cpp; sourceTree = "<group>"; };
		329490032C15F074007A0078 /* imstb_rectpack.h */ = {isa = PBXFileReference; fileEncoding = 4; lastKnownFileType = sourcecode.c.h; path = imstb_rectpack.h; sourceTree = "<group>"; };
		329490042C15F074007A0078 /* imgui_impl_opengl3.h */ = {isa = PBXFileReference; fileEncoding = 4; lastKnownFileType = sourcecode.c.h; path = imgui_impl_opengl3.h; sourceTree = "<group>"; };
		329490052C15F074007A0078 /* imconfig.h */ = {isa = PBXFileReference; fileEncoding = 4; lastKnownFileType = sourcecode.c.h; path = imconfig.h; sourceTree = "<group>"; };
		329490062C15F074007A0078 /* imgui_draw.cpp */ = {isa = PBXFileReference; fileEncoding = 4; lastKnownFileType = sourcecode.cpp.cpp; path = imgui_draw.cpp; sourceTree = "<group>"; };
		329490072C15F074007A0078 /* imstb_truetype.h */ = {isa = PBXFileReference; fileEncoding = 4; lastKnownFileType = sourcecode.c.h; path = imstb_truetype.h; sourceTree = "<group>"; };
		329490082C15F074007A0078 /* imgui_impl_opengl3_loader.h */ = {isa = PBXFileReference; fileEncoding = 4; lastKnownFileType = sourcecode.c.h; path = imgui_impl_opengl3_loader.h; sourceTree = "<group>"; };
		329490092C15F074007A0078 /* imgui_internal.h */ = {isa = PBXFileReference; fileEncoding = 4; lastKnownFileType = sourcecode.c.h; path = imgui_internal.h; sourceTree = "<group>"; };
		3294900A2C15F074007A0078 /* imgui.h */ = {isa = PBXFileReference; fileEncoding = 4; lastKnownFileType = sourcecode.c.h; path = imgui.h; sourceTree = "<group>"; };
		3294900B2C15F074007A0078 /* imgui_widgets.cpp */ = {isa = PBXFileReference; fileEncoding = 4; lastKnownFileType = sourcecode.cpp.cpp; path = imgui_widgets.cpp; sourceTree = "<group>"; };
		3294900C2C15F074007A0078 /* imgui_impl_opengl3.cpp */ = {isa = PBXFileReference; fileEncoding = 4; lastKnownFileType = sourcecode.cpp.cpp; path = imgui_impl_opengl3.cpp; sourceTree = "<group>"; };
		3294900D2C15F074007A0078 /* imstb_textedit.h */ = {isa = PBXFileReference; fileEncoding = 4; lastKnownFileType = sourcecode.c.h; path = imstb_textedit.h; sourceTree = "<group>"; };
		3294900E2C15F074007A0078 /* imgui.cpp */ = {isa = PBXFileReference; fileEncoding = 4; lastKnownFileType = sourcecode.cpp.cpp; path = imgui.cpp; sourceTree = "<group>"; };
		3294900F2C15F074007A0078 /* imgui_impl_glfw.h */ = {isa = PBXFileReference; fileEncoding = 4; lastKnownFileType = sourcecode.c.h; path = imgui_impl_glfw.h; sourceTree = "<group>"; };
		329490102C15F074007A0078 /* imgui_tables.cpp */ = {isa = PBXFileReference; fileEncoding = 4; lastKnownFileType = sourcecode.cpp.cpp; path = imgui_tables.cpp; sourceTree = "<group>"; };
/* End PBXFileReference section */

/* Begin PBXFrameworksBuildPhase section */
		3278B0BB2C097C5500DF6489 /* Frameworks */ = {
			isa = PBXFrameworksBuildPhase;
			buildActionMask = 2147483647;
			files = (
				322E52FC2C13FD88002AFB73 /* libSDL2-2.0.0.dylib in Frameworks */,
				322E52F62C13EE17002AFB73 /* libGLEW.2.2.0.dylib in Frameworks */,
				326A8BEF2C0A2BC200E30250 /* OpenGL.framework in Frameworks */,
				323A00E32C0AA4360056BAD1 /* libglfw.3.4.dylib in Frameworks */,
			);
			runOnlyForDeploymentPostprocessing = 0;
		};
/* End PBXFrameworksBuildPhase section */

/* Begin PBXGroup section */
		326A8BE62C0A28E300E30250 /* Frameworks */ = {
			isa = PBXGroup;
			children = (
				322E52FE2C140339002AFB73 /* libsfml-system.2.6.1.dylib */,
				322E52FF2C14033A002AFB73 /* libsfml-window.2.6.1.dylib */,
				322E52FB2C13FD88002AFB73 /* libSDL2-2.0.0.dylib */,
				322E52F52C13EE17002AFB73 /* libGLEW.2.2.0.dylib */,
				32251A072C0D2FE400049D9C /* GLUT.framework */,
				323A00E22C0AA4360056BAD1 /* libglfw.3.4.dylib */,
				326A8BE72C0A28E300E30250 /* OpenGL.framework */,
			);
			name = Frameworks;
			sourceTree = "<group>";
		};
		3278B0B52C097C5500DF6489 = {
			isa = PBXGroup;
			children = (
				32948FF92C1598CC007A0078 /* ImGUIopengl3 */,
				3278B0C02C097C5500DF6489 /* GV_Core_with_OpenGL */,
				3278B0BF2C097C5500DF6489 /* Products */,
				326A8BE62C0A28E300E30250 /* Frameworks */,
			);
			sourceTree = "<group>";
		};
		3278B0BF2C097C5500DF6489 /* Products */ = {
			isa = PBXGroup;
			children = (
				3278B0BE2C097C5500DF6489 /* GV_Core_with_OpenGL */,
			);
			name = Products;
			sourceTree = "<group>";
		};
		3278B0C02C097C5500DF6489 /* GV_Core_with_OpenGL */ = {
			isa = PBXGroup;
			children = (
				323A00EC2C0AC7440056BAD1 /* commander.cpp */,
				323A00ED2C0AC7440056BAD1 /* commander.hpp */,
				322E52F82C13F6E2002AFB73 /* window.cpp */,
				322E52F92C13F6E2002AFB73 /* window.hpp */,
				323A00E62C0AC3530056BAD1 /* glad.c */,
				3278B0C12C097C5500DF6489 /* main.cpp */,
				322E53042C14A5CF002AFB73 /* rendering.cpp */,
				322E53052C14A5CF002AFB73 /* rendering.hpp */,
				322E53072C1532E6002AFB73 /* primitive.cpp */,
				322E53082C1532E6002AFB73 /* primitive.hpp */,
				32948FAB2C157E65007A0078 /* glexception.cpp */,
				32948FAC2C157E65007A0078 /* glexception.hpp */,
			);
			path = GV_Core_with_OpenGL;
			sourceTree = "<group>";
		};
		32948FF92C1598CC007A0078 /* ImGUIopengl3 */ = {
			isa = PBXGroup;
			children = (
				329490052C15F074007A0078 /* imconfig.h */,
				329490012C15F074007A0078 /* imgui_demo.cpp */,
				329490062C15F074007A0078 /* imgui_draw.cpp */,
				329490022C15F074007A0078 /* imgui_impl_glfw.cpp */,
				3294900F2C15F074007A0078 /* imgui_impl_glfw.h */,
				329490082C15F074007A0078 /* imgui_impl_opengl3_loader.h */,
				3294900C2C15F074007A0078 /* imgui_impl_opengl3.cpp */,
				329490042C15F074007A0078 /* imgui_impl_opengl3.h */,
				329490092C15F074007A0078 /* imgui_internal.h */,
				329490102C15F074007A0078 /* imgui_tables.cpp */,
				3294900B2C15F074007A0078 /* imgui_widgets.cpp */,
				3294900E2C15F074007A0078 /* imgui.cpp */,
				3294900A2C15F074007A0078 /* imgui.h */,
				329490032C15F074007A0078 /* imstb_rectpack.h */,
				3294900D2C15F074007A0078 /* imstb_textedit.h */,
				329490072C15F074007A0078 /* imstb_truetype.h */,
			);
			path = ImGUIopengl3;
			sourceTree = "<group>";
		};
/* End PBXGroup section */

/* Begin PBXNativeTarget section */
		3278B0BD2C097C5500DF6489 /* GV_Core_with_OpenGL */ = {
			isa = PBXNativeTarget;
			buildConfigurationList = 3278B0C52C097C5500DF6489 /* Build configuration list for PBXNativeTarget "GV_Core_with_OpenGL" */;
			buildPhases = (
				3278B0BA2C097C5500DF6489 /* Sources */,
				3278B0BB2C097C5500DF6489 /* Frameworks */,
				3278B0BC2C097C5500DF6489 /* CopyFiles */,
				323A00E52C0AA4360056BAD1 /* Embed Libraries */,
			);
			buildRules = (
			);
			dependencies = (
			);
			name = GV_Core_with_OpenGL;
			productName = GV_Core_with_OpenGL;
			productReference = 3278B0BE2C097C5500DF6489 /* GV_Core_with_OpenGL */;
			productType = "com.apple.product-type.tool";
		};
/* End PBXNativeTarget section */

/* Begin PBXProject section */
		3278B0B62C097C5500DF6489 /* Project object */ = {
			isa = PBXProject;
			attributes = {
				BuildIndependentTargetsInParallel = 1;
				LastUpgradeCheck = 1540;
				TargetAttributes = {
					3278B0BD2C097C5500DF6489 = {
						CreatedOnToolsVersion = 15.4;
					};
				};
			};
			buildConfigurationList = 3278B0B92C097C5500DF6489 /* Build configuration list for PBXProject "GV_Core_with_OpenGL" */;
			compatibilityVersion = "Xcode 14.0";
			developmentRegion = en;
			hasScannedForEncodings = 0;
			knownRegions = (
				en,
				Base,
			);
			mainGroup = 3278B0B52C097C5500DF6489;
			productRefGroup = 3278B0BF2C097C5500DF6489 /* Products */;
			projectDirPath = "";
			projectRoot = "";
			targets = (
				3278B0BD2C097C5500DF6489 /* GV_Core_with_OpenGL */,
			);
		};
/* End PBXProject section */

/* Begin PBXSourcesBuildPhase section */
		3278B0BA2C097C5500DF6489 /* Sources */ = {
			isa = PBXSourcesBuildPhase;
			buildActionMask = 2147483647;
			files = (
				329490142C15F074007A0078 /* imgui_widgets.cpp in Sources */,
				329490162C15F074007A0078 /* imgui.cpp in Sources */,
				3278B0C22C097C5500DF6489 /* main.cpp in Sources */,
				322E53062C14A5CF002AFB73 /* rendering.cpp in Sources */,
				329490122C15F074007A0078 /* imgui_impl_glfw.cpp in Sources */,
				329490132C15F074007A0078 /* imgui_draw.cpp in Sources */,
				323A00E72C0AC3530056BAD1 /* glad.c in Sources */,
				32948FAD2C157E65007A0078 /* glexception.cpp in Sources */,
				323A00EE2C0AC7440056BAD1 /* commander.cpp in Sources */,
				322E52FA2C13F6E2002AFB73 /* window.cpp in Sources */,
				329490112C15F074007A0078 /* imgui_demo.cpp in Sources */,
				329490152C15F074007A0078 /* imgui_impl_opengl3.cpp in Sources */,
				329490172C15F074007A0078 /* imgui_tables.cpp in Sources */,
				322E53092C1532E6002AFB73 /* primitive.cpp in Sources */,
			);
			runOnlyForDeploymentPostprocessing = 0;
		};
/* End PBXSourcesBuildPhase section */

/* Begin XCBuildConfiguration section */
		3278B0C32C097C5500DF6489 /* Debug */ = {
			isa = XCBuildConfiguration;
			buildSettings = {
				ALLOW_TARGET_PLATFORM_SPECIALIZATION = YES;
				ALWAYS_EMBED_SWIFT_STANDARD_LIBRARIES = YES;
				ALWAYS_SEARCH_USER_PATHS = YES;
				ASSETCATALOG_COMPILER_GENERATE_SWIFT_ASSET_SYMBOL_EXTENSIONS = YES;
				CLANG_ANALYZER_NONNULL = YES;
				CLANG_ANALYZER_NUMBER_OBJECT_CONVERSION = YES_AGGRESSIVE;
				CLANG_CXX_LANGUAGE_STANDARD = "gnu++20";
				CLANG_ENABLE_MODULES = YES;
				CLANG_ENABLE_OBJC_ARC = YES;
				CLANG_ENABLE_OBJC_WEAK = YES;
				CLANG_WARN_BLOCK_CAPTURE_AUTORELEASING = YES;
				CLANG_WARN_BOOL_CONVERSION = YES;
				CLANG_WARN_COMMA = YES;
				CLANG_WARN_CONSTANT_CONVERSION = YES;
				CLANG_WARN_DEPRECATED_OBJC_IMPLEMENTATIONS = YES;
				CLANG_WARN_DIRECT_OBJC_ISA_USAGE = YES_ERROR;
				CLANG_WARN_DOCUMENTATION_COMMENTS = YES;
				CLANG_WARN_EMPTY_BODY = YES;
				CLANG_WARN_ENUM_CONVERSION = YES;
				CLANG_WARN_INFINITE_RECURSION = YES;
				CLANG_WARN_INT_CONVERSION = YES;
				CLANG_WARN_NON_LITERAL_NULL_CONVERSION = YES;
				CLANG_WARN_OBJC_IMPLICIT_RETAIN_SELF = YES;
				CLANG_WARN_OBJC_LITERAL_CONVERSION = YES;
				CLANG_WARN_OBJC_ROOT_CLASS = YES_ERROR;
				CLANG_WARN_QUOTED_INCLUDE_IN_FRAMEWORK_HEADER = YES;
				CLANG_WARN_RANGE_LOOP_ANALYSIS = YES;
				CLANG_WARN_STRICT_PROTOTYPES = YES;
				CLANG_WARN_SUSPICIOUS_MOVE = YES;
				CLANG_WARN_UNGUARDED_AVAILABILITY = YES_AGGRESSIVE;
				CLANG_WARN_UNREACHABLE_CODE = YES;
				CLANG_WARN__DUPLICATE_METHOD_MATCH = YES;
				COPY_PHASE_STRIP = NO;
				DEBUG_INFORMATION_FORMAT = dwarf;
				ENABLE_STRICT_OBJC_MSGSEND = YES;
				ENABLE_TESTABILITY = YES;
				ENABLE_USER_SCRIPT_SANDBOXING = YES;
				GCC_C_LANGUAGE_STANDARD = gnu17;
				GCC_DYNAMIC_NO_PIC = NO;
				GCC_NO_COMMON_BLOCKS = YES;
				GCC_OPTIMIZATION_LEVEL = 0;
				GCC_PREPROCESSOR_DEFINITIONS = (
					"DEBUG=1",
					"$(inherited)",
				);
				GCC_WARN_64_TO_32_BIT_CONVERSION = YES;
				GCC_WARN_ABOUT_RETURN_TYPE = YES_ERROR;
				GCC_WARN_UNDECLARED_SELECTOR = YES;
				GCC_WARN_UNINITIALIZED_AUTOS = YES_AGGRESSIVE;
				GCC_WARN_UNUSED_FUNCTION = YES;
				GCC_WARN_UNUSED_VARIABLE = YES;
				LOCALIZATION_PREFERS_STRING_CATALOGS = YES;
				MACOSX_DEPLOYMENT_TARGET = 14.5;
				MTL_ENABLE_DEBUG_INFO = INCLUDE_SOURCE;
				MTL_FAST_MATH = YES;
				ONLY_ACTIVE_ARCH = YES;
				SDKROOT = macosx;
				SYSTEM_HEADER_SEARCH_PATHS = "";
			};
			name = Debug;
		};
		3278B0C42C097C5500DF6489 /* Release */ = {
			isa = XCBuildConfiguration;
			buildSettings = {
				ALLOW_TARGET_PLATFORM_SPECIALIZATION = YES;
				ALWAYS_EMBED_SWIFT_STANDARD_LIBRARIES = YES;
				ALWAYS_SEARCH_USER_PATHS = YES;
				ASSETCATALOG_COMPILER_GENERATE_SWIFT_ASSET_SYMBOL_EXTENSIONS = YES;
				CLANG_ANALYZER_NONNULL = YES;
				CLANG_ANALYZER_NUMBER_OBJECT_CONVERSION = YES_AGGRESSIVE;
				CLANG_CXX_LANGUAGE_STANDARD = "gnu++20";
				CLANG_ENABLE_MODULES = YES;
				CLANG_ENABLE_OBJC_ARC = YES;
				CLANG_ENABLE_OBJC_WEAK = YES;
				CLANG_WARN_BLOCK_CAPTURE_AUTORELEASING = YES;
				CLANG_WARN_BOOL_CONVERSION = YES;
				CLANG_WARN_COMMA = YES;
				CLANG_WARN_CONSTANT_CONVERSION = YES;
				CLANG_WARN_DEPRECATED_OBJC_IMPLEMENTATIONS = YES;
				CLANG_WARN_DIRECT_OBJC_ISA_USAGE = YES_ERROR;
				CLANG_WARN_DOCUMENTATION_COMMENTS = YES;
				CLANG_WARN_EMPTY_BODY = YES;
				CLANG_WARN_ENUM_CONVERSION = YES;
				CLANG_WARN_INFINITE_RECURSION = YES;
				CLANG_WARN_INT_CONVERSION = YES;
				CLANG_WARN_NON_LITERAL_NULL_CONVERSION = YES;
				CLANG_WARN_OBJC_IMPLICIT_RETAIN_SELF = YES;
				CLANG_WARN_OBJC_LITERAL_CONVERSION = YES;
				CLANG_WARN_OBJC_ROOT_CLASS = YES_ERROR;
				CLANG_WARN_QUOTED_INCLUDE_IN_FRAMEWORK_HEADER = YES;
				CLANG_WARN_RANGE_LOOP_ANALYSIS = YES;
				CLANG_WARN_STRICT_PROTOTYPES = YES;
				CLANG_WARN_SUSPICIOUS_MOVE = YES;
				CLANG_WARN_UNGUARDED_AVAILABILITY = YES_AGGRESSIVE;
				CLANG_WARN_UNREACHABLE_CODE = YES;
				CLANG_WARN__DUPLICATE_METHOD_MATCH = YES;
				COPY_PHASE_STRIP = NO;
				DEBUG_INFORMATION_FORMAT = "dwarf-with-dsym";
				ENABLE_NS_ASSERTIONS = NO;
				ENABLE_STRICT_OBJC_MSGSEND = YES;
				ENABLE_USER_SCRIPT_SANDBOXING = YES;
				GCC_C_LANGUAGE_STANDARD = gnu17;
				GCC_NO_COMMON_BLOCKS = YES;
				GCC_WARN_64_TO_32_BIT_CONVERSION = YES;
				GCC_WARN_ABOUT_RETURN_TYPE = YES_ERROR;
				GCC_WARN_UNDECLARED_SELECTOR = YES;
				GCC_WARN_UNINITIALIZED_AUTOS = YES_AGGRESSIVE;
				GCC_WARN_UNUSED_FUNCTION = YES;
				GCC_WARN_UNUSED_VARIABLE = YES;
				LOCALIZATION_PREFERS_STRING_CATALOGS = YES;
				MACOSX_DEPLOYMENT_TARGET = 14.5;
				MTL_ENABLE_DEBUG_INFO = NO;
				MTL_FAST_MATH = YES;
				SDKROOT = macosx;
			};
			name = Release;
		};
		3278B0C62C097C5500DF6489 /* Debug */ = {
			isa = XCBuildConfiguration;
			buildSettings = {
				CODE_SIGN_STYLE = Automatic;
				DEVELOPMENT_TEAM = 379P4X5DA9;
				ENABLE_HARDENED_RUNTIME = YES;
				GCC_OPTIMIZATION_LEVEL = 2;
				GCC_STRICT_ALIASING = NO;
				LIBRARY_SEARCH_PATHS = (
					/opt/homebrew/Cellar/glew/2.2.0_1/lib,
					/opt/homebrew/Cellar/glfw/3.4/lib,
					/opt/homebrew/Cellar/sdl2/2.30.3/lib,
					/opt/homebrew/Cellar/sfml/2.6.1/lib,
				);
				PRODUCT_NAME = "$(TARGET_NAME)";
				SYSTEM_HEADER_SEARCH_PATHS = (
					"${glew_header-2.2}",
					"${glad_header-4.1}",
					"${glfw_header-3.4}",
					"${sdl2_header}",
					"${sfml_header-2.6}",
				);
			};
			name = Debug;
		};
		3278B0C72C097C5500DF6489 /* Release */ = {
			isa = XCBuildConfiguration;
			buildSettings = {
				CODE_SIGN_STYLE = Automatic;
				DEVELOPMENT_TEAM = 379P4X5DA9;
				ENABLE_HARDENED_RUNTIME = YES;
				GCC_STRICT_ALIASING = NO;
				LIBRARY_SEARCH_PATHS = (
					/opt/homebrew/Cellar/glew/2.2.0_1/lib,
					/opt/homebrew/Cellar/glfw/3.4/lib,
					/opt/homebrew/Cellar/sdl2/2.30.3/lib,
					/opt/homebrew/Cellar/sfml/2.6.1/lib,
				);
				PRODUCT_NAME = "$(TARGET_NAME)";
				SYSTEM_HEADER_SEARCH_PATHS = (
					"${glew_header-2.2}",
					"${glad_header-4.1}",
					"${glfw_header-3.4}",
					"${sdl2_header}",
					"${sfml_header-2.6}",
				);
			};
			name = Release;
		};
/* End XCBuildConfiguration section */

/* Begin XCConfigurationList section */
		3278B0B92C097C5500DF6489 /* Build configuration list for PBXProject "GV_Core_with_OpenGL" */ = {
			isa = XCConfigurationList;
			buildConfigurations = (
				3278B0C32C097C5500DF6489 /* Debug */,
				3278B0C42C097C5500DF6489 /* Release */,
			);
			defaultConfigurationIsVisible = 0;
			defaultConfigurationName = Release;
		};
		3278B0C52C097C5500DF6489 /* Build configuration list for PBXNativeTarget "GV_Core_with_OpenGL" */ = {
			isa = XCConfigurationList;
			buildConfigurations = (
				3278B0C62C097C5500DF6489 /* Debug */,
				3278B0C72C097C5500DF6489 /* Release */,
			);
			defaultConfigurationIsVisible = 0;
			defaultConfigurationName = Release;
		};
/* End XCConfigurationList section */
	};
	rootObject = 3278B0B62C097C5500DF6489 /* Project object */;
}
