// !$*UTF8*$!
{
	archiveVersion = 1;
	classes = {
	};
	objectVersion = 56;
	objects = {

/* Begin PBXBuildFile section */
		322E52F62C13EE17002AFB73 /* libGLEW.2.2.0.dylib in Frameworks */ = {isa = PBXBuildFile; fileRef = 322E52F52C13EE17002AFB73 /* libGLEW.2.2.0.dylib */; };
		322E52F72C13EE17002AFB73 /* libGLEW.2.2.0.dylib in Embed Libraries */ = {isa = PBXBuildFile; fileRef = 322E52F52C13EE17002AFB73 /* libGLEW.2.2.0.dylib */; settings = {ATTRIBUTES = (CodeSignOnCopy, ); }; };
		322E52FA2C13F6E2002AFB73 /* window.cpp in Sources */ = {isa = PBXBuildFile; fileRef = 322E52F82C13F6E2002AFB73 /* window.cpp */; };
		322E52FC2C13FD88002AFB73 /* libSDL2-2.0.0.dylib in Frameworks */ = {isa = PBXBuildFile; fileRef = 322E52FB2C13FD88002AFB73 /* libSDL2-2.0.0.dylib */; };
		322E52FD2C13FD88002AFB73 /* libSDL2-2.0.0.dylib in Embed Libraries */ = {isa = PBXBuildFile; fileRef = 322E52FB2C13FD88002AFB73 /* libSDL2-2.0.0.dylib */; settings = {ATTRIBUTES = (CodeSignOnCopy, ); }; };
		322E53062C14A5CF002AFB73 /* rendering.cpp in Sources */ = {isa = PBXBuildFile; fileRef = 322E53042C14A5CF002AFB73 /* rendering.cpp */; };
		322E53092C1532E6002AFB73 /* primitive.cpp in Sources */ = {isa = PBXBuildFile; fileRef = 322E53072C1532E6002AFB73 /* primitive.cpp */; };
		323A00E32C0AA4360056BAD1 /* libglfw.3.4.dylib in Frameworks */ = {isa = PBXBuildFile; fileRef = 323A00E22C0AA4360056BAD1 /* libglfw.3.4.dylib */; };
		323A00E42C0AA4360056BAD1 /* libglfw.3.4.dylib in Embed Libraries */ = {isa = PBXBuildFile; fileRef = 323A00E22C0AA4360056BAD1 /* libglfw.3.4.dylib */; settings = {ATTRIBUTES = (CodeSignOnCopy, ); }; };
		323A00E72C0AC3530056BAD1 /* glad.c in Sources */ = {isa = PBXBuildFile; fileRef = 323A00E62C0AC3530056BAD1 /* glad.c */; };
		323A00EE2C0AC7440056BAD1 /* commander.cpp in Sources */ = {isa = PBXBuildFile; fileRef = 323A00EC2C0AC7440056BAD1 /* commander.cpp */; };
		326A8BEF2C0A2BC200E30250 /* OpenGL.framework in Frameworks */ = {isa = PBXBuildFile; fileRef = 326A8BE72C0A28E300E30250 /* OpenGL.framework */; };
		3278B0C22C097C5500DF6489 /* main.cpp in Sources */ = {isa = PBXBuildFile; fileRef = 3278B0C12C097C5500DF6489 /* main.cpp */; };
		32948FAD2C157E65007A0078 /* glexception.cpp in Sources */ = {isa = PBXBuildFile; fileRef = 32948FAB2C157E65007A0078 /* glexception.cpp */; };
/* End PBXBuildFile section */

/* Begin PBXCopyFilesBuildPhase section */
		323A00E52C0AA4360056BAD1 /* Embed Libraries */ = {
			isa = PBXCopyFilesBuildPhase;
			buildActionMask = 2147483647;
			dstPath = "";
			dstSubfolderSpec = 10;
			files = (
				322E52FD2C13FD88002AFB73 /* libSDL2-2.0.0.dylib in Embed Libraries */,
				323A00E42C0AA4360056BAD1 /* libglfw.3.4.dylib in Embed Libraries */,
				322E52F72C13EE17002AFB73 /* libGLEW.2.2.0.dylib in Embed Libraries */,
			);
			name = "Embed Libraries";
			runOnlyForDeploymentPostprocessing = 0;
		};
		3278B0BC2C097C5500DF6489 /* CopyFiles */ = {
			isa = PBXCopyFilesBuildPhase;
			buildActionMask = 2147483647;
			dstPath = /usr/share/man/man1/;
			dstSubfolderSpec = 0;
			files = (
			);
			runOnlyForDeploymentPostprocessing = 1;
		};
/* End PBXCopyFilesBuildPhase section */

/* Begin PBXFileReference section */
		322519A72C0D2DDB00049D9C /* imconfig.h */ = {isa = PBXFileReference; lastKnownFileType = sourcecode.c.h; path = imconfig.h; sourceTree = "<group>"; };
		322519A82C0D2DDB00049D9C /* imgui_demo.cpp */ = {isa = PBXFileReference; lastKnownFileType = sourcecode.cpp.cpp; path = imgui_demo.cpp; sourceTree = "<group>"; };
		322519A92C0D2DDB00049D9C /* imgui_draw.cpp */ = {isa = PBXFileReference; lastKnownFileType = sourcecode.cpp.cpp; path = imgui_draw.cpp; sourceTree = "<group>"; };
		322519AA2C0D2DDB00049D9C /* imgui_internal.h */ = {isa = PBXFileReference; lastKnownFileType = sourcecode.c.h; path = imgui_internal.h; sourceTree = "<group>"; };
		322519AB2C0D2DDB00049D9C /* imgui_tables.cpp */ = {isa = PBXFileReference; lastKnownFileType = sourcecode.cpp.cpp; path = imgui_tables.cpp; sourceTree = "<group>"; };
		322519AC2C0D2DDB00049D9C /* imgui_widgets.cpp */ = {isa = PBXFileReference; lastKnownFileType = sourcecode.cpp.cpp; path = imgui_widgets.cpp; sourceTree = "<group>"; };
		322519AD2C0D2DDB00049D9C /* imgui.cpp */ = {isa = PBXFileReference; lastKnownFileType = sourcecode.cpp.cpp; path = imgui.cpp; sourceTree = "<group>"; };
		322519AE2C0D2DDB00049D9C /* imgui.h */ = {isa = PBXFileReference; lastKnownFileType = sourcecode.c.h; path = imgui.h; sourceTree = "<group>"; };
		322519AF2C0D2DDB00049D9C /* imstb_rectpack.h */ = {isa = PBXFileReference; lastKnownFileType = sourcecode.c.h; path = imstb_rectpack.h; sourceTree = "<group>"; };
		322519B02C0D2DDB00049D9C /* imstb_textedit.h */ = {isa = PBXFileReference; lastKnownFileType = sourcecode.c.h; path = imstb_textedit.h; sourceTree = "<group>"; };
		322519B12C0D2DDB00049D9C /* imstb_truetype.h */ = {isa = PBXFileReference; lastKnownFileType = sourcecode.c.h; path = imstb_truetype.h; sourceTree = "<group>"; };
		322519B22C0D2DDB00049D9C /* LICENSE.txt */ = {isa = PBXFileReference; lastKnownFileType = text; path = LICENSE.txt; sourceTree = "<group>"; };
		322519C22C0D2E9100049D9C /* generate_spv.sh */ = {isa = PBXFileReference; lastKnownFileType = text.script.sh; path = generate_spv.sh; sourceTree = "<group>"; };
		322519C32C0D2E9100049D9C /* glsl_shader.frag */ = {isa = PBXFileReference; lastKnownFileType = sourcecode.glsl; path = glsl_shader.frag; sourceTree = "<group>"; };
		322519C42C0D2E9100049D9C /* glsl_shader.vert */ = {isa = PBXFileReference; lastKnownFileType = sourcecode.glsl; path = glsl_shader.vert; sourceTree = "<group>"; };
		322519C62C0D2E9100049D9C /* imgui_impl_allegro5.cpp */ = {isa = PBXFileReference; lastKnownFileType = sourcecode.cpp.cpp; path = imgui_impl_allegro5.cpp; sourceTree = "<group>"; };
		322519C72C0D2E9100049D9C /* imgui_impl_allegro5.h */ = {isa = PBXFileReference; lastKnownFileType = sourcecode.c.h; path = imgui_impl_allegro5.h; sourceTree = "<group>"; };
		322519C82C0D2E9100049D9C /* imgui_impl_android.cpp */ = {isa = PBXFileReference; lastKnownFileType = sourcecode.cpp.cpp; path = imgui_impl_android.cpp; sourceTree = "<group>"; };
		322519C92C0D2E9100049D9C /* imgui_impl_android.h */ = {isa = PBXFileReference; lastKnownFileType = sourcecode.c.h; path = imgui_impl_android.h; sourceTree = "<group>"; };
		322519CA2C0D2E9100049D9C /* imgui_impl_dx9.cpp */ = {isa = PBXFileReference; lastKnownFileType = sourcecode.cpp.cpp; path = imgui_impl_dx9.cpp; sourceTree = "<group>"; };
		322519CB2C0D2E9100049D9C /* imgui_impl_dx9.h */ = {isa = PBXFileReference; lastKnownFileType = sourcecode.c.h; path = imgui_impl_dx9.h; sourceTree = "<group>"; };
		322519CC2C0D2E9100049D9C /* imgui_impl_dx10.cpp */ = {isa = PBXFileReference; lastKnownFileType = sourcecode.cpp.cpp; path = imgui_impl_dx10.cpp; sourceTree = "<group>"; };
		322519CD2C0D2E9100049D9C /* imgui_impl_dx10.h */ = {isa = PBXFileReference; lastKnownFileType = sourcecode.c.h; path = imgui_impl_dx10.h; sourceTree = "<group>"; };
		322519CE2C0D2E9100049D9C /* imgui_impl_dx11.cpp */ = {isa = PBXFileReference; lastKnownFileType = sourcecode.cpp.cpp; path = imgui_impl_dx11.cpp; sourceTree = "<group>"; };
		322519CF2C0D2E9100049D9C /* imgui_impl_dx11.h */ = {isa = PBXFileReference; lastKnownFileType = sourcecode.c.h; path = imgui_impl_dx11.h; sourceTree = "<group>"; };
		322519D02C0D2E9100049D9C /* imgui_impl_dx12.cpp */ = {isa = PBXFileReference; lastKnownFileType = sourcecode.cpp.cpp; path = imgui_impl_dx12.cpp; sourceTree = "<group>"; };
		322519D12C0D2E9100049D9C /* imgui_impl_dx12.h */ = {isa = PBXFileReference; lastKnownFileType = sourcecode.c.h; path = imgui_impl_dx12.h; sourceTree = "<group>"; };
		322519D22C0D2E9100049D9C /* imgui_impl_glfw.cpp */ = {isa = PBXFileReference; lastKnownFileType = sourcecode.cpp.cpp; path = imgui_impl_glfw.cpp; sourceTree = "<group>"; };
		322519D32C0D2E9100049D9C /* imgui_impl_glfw.h */ = {isa = PBXFileReference; lastKnownFileType = sourcecode.c.h; path = imgui_impl_glfw.h; sourceTree = "<group>"; };
		322519D42C0D2E9100049D9C /* imgui_impl_glut.cpp */ = {isa = PBXFileReference; lastKnownFileType = sourcecode.cpp.cpp; path = imgui_impl_glut.cpp; sourceTree = "<group>"; };
		322519D52C0D2E9100049D9C /* imgui_impl_glut.h */ = {isa = PBXFileReference; lastKnownFileType = sourcecode.c.h; path = imgui_impl_glut.h; sourceTree = "<group>"; };
		322519D62C0D2E9100049D9C /* imgui_impl_metal.h */ = {isa = PBXFileReference; lastKnownFileType = sourcecode.c.h; path = imgui_impl_metal.h; sourceTree = "<group>"; };
		322519D72C0D2E9100049D9C /* imgui_impl_metal.mm */ = {isa = PBXFileReference; lastKnownFileType = sourcecode.cpp.objcpp; path = imgui_impl_metal.mm; sourceTree = "<group>"; };
		322519D82C0D2E9100049D9C /* imgui_impl_opengl2.cpp */ = {isa = PBXFileReference; lastKnownFileType = sourcecode.cpp.cpp; path = imgui_impl_opengl2.cpp; sourceTree = "<group>"; };
		322519D92C0D2E9100049D9C /* imgui_impl_opengl2.h */ = {isa = PBXFileReference; lastKnownFileType = sourcecode.c.h; path = imgui_impl_opengl2.h; sourceTree = "<group>"; };
		322519DA2C0D2E9100049D9C /* imgui_impl_opengl3_loader.h */ = {isa = PBXFileReference; lastKnownFileType = sourcecode.c.h; path = imgui_impl_opengl3_loader.h; sourceTree = "<group>"; };
		322519DB2C0D2E9100049D9C /* imgui_impl_opengl3.cpp */ = {isa = PBXFileReference; lastKnownFileType = sourcecode.cpp.cpp; path = imgui_impl_opengl3.cpp; sourceTree = "<group>"; };
		322519DC2C0D2E9100049D9C /* imgui_impl_opengl3.h */ = {isa = PBXFileReference; lastKnownFileType = sourcecode.c.h; path = imgui_impl_opengl3.h; sourceTree = "<group>"; };
		322519DD2C0D2E9100049D9C /* imgui_impl_osx.h */ = {isa = PBXFileReference; lastKnownFileType = sourcecode.c.h; path = imgui_impl_osx.h; sourceTree = "<group>"; };
		322519DE2C0D2E9100049D9C /* imgui_impl_osx.mm */ = {isa = PBXFileReference; lastKnownFileType = sourcecode.cpp.objcpp; path = imgui_impl_osx.mm; sourceTree = "<group>"; };
		322519DF2C0D2E9100049D9C /* imgui_impl_sdl2.cpp */ = {isa = PBXFileReference; lastKnownFileType = sourcecode.cpp.cpp; path = imgui_impl_sdl2.cpp; sourceTree = "<group>"; };
		322519E02C0D2E9100049D9C /* imgui_impl_sdl2.h */ = {isa = PBXFileReference; lastKnownFileType = sourcecode.c.h; path = imgui_impl_sdl2.h; sourceTree = "<group>"; };
		322519E12C0D2E9100049D9C /* imgui_impl_sdl3.cpp */ = {isa = PBXFileReference; lastKnownFileType = sourcecode.cpp.cpp; path = imgui_impl_sdl3.cpp; sourceTree = "<group>"; };
		322519E22C0D2E9100049D9C /* imgui_impl_sdl3.h */ = {isa = PBXFileReference; lastKnownFileType = sourcecode.c.h; path = imgui_impl_sdl3.h; sourceTree = "<group>"; };
		322519E32C0D2E9100049D9C /* imgui_impl_sdlrenderer2.cpp */ = {isa = PBXFileReference; lastKnownFileType = sourcecode.cpp.cpp; path = imgui_impl_sdlrenderer2.cpp; sourceTree = "<group>"; };
		322519E42C0D2E9100049D9C /* imgui_impl_sdlrenderer2.h */ = {isa = PBXFileReference; lastKnownFileType = sourcecode.c.h; path = imgui_impl_sdlrenderer2.h; sourceTree = "<group>"; };
		322519E52C0D2E9100049D9C /* imgui_impl_sdlrenderer3.cpp */ = {isa = PBXFileReference; lastKnownFileType = sourcecode.cpp.cpp; path = imgui_impl_sdlrenderer3.cpp; sourceTree = "<group>"; };
		322519E62C0D2E9100049D9C /* imgui_impl_sdlrenderer3.h */ = {isa = PBXFileReference; lastKnownFileType = sourcecode.c.h; path = imgui_impl_sdlrenderer3.h; sourceTree = "<group>"; };
		322519E72C0D2E9100049D9C /* imgui_impl_vulkan.cpp */ = {isa = PBXFileReference; lastKnownFileType = sourcecode.cpp.cpp; path = imgui_impl_vulkan.cpp; sourceTree = "<group>"; };
		322519E82C0D2E9100049D9C /* imgui_impl_vulkan.h */ = {isa = PBXFileReference; lastKnownFileType = sourcecode.c.h; path = imgui_impl_vulkan.h; sourceTree = "<group>"; };
		322519E92C0D2E9100049D9C /* imgui_impl_wgpu.cpp */ = {isa = PBXFileReference; lastKnownFileType = sourcecode.cpp.cpp; path = imgui_impl_wgpu.cpp; sourceTree = "<group>"; };
		322519EA2C0D2E9100049D9C /* imgui_impl_wgpu.h */ = {isa = PBXFileReference; lastKnownFileType = sourcecode.c.h; path = imgui_impl_wgpu.h; sourceTree = "<group>"; };
		322519EB2C0D2E9100049D9C /* imgui_impl_win32.cpp */ = {isa = PBXFileReference; lastKnownFileType = sourcecode.cpp.cpp; path = imgui_impl_win32.cpp; sourceTree = "<group>"; };
		322519EC2C0D2E9100049D9C /* imgui_impl_win32.h */ = {isa = PBXFileReference; lastKnownFileType = sourcecode.c.h; path = imgui_impl_win32.h; sourceTree = "<group>"; };
		322519EE2C0D2E9100049D9C /* imgui_stdlib.cpp */ = {isa = PBXFileReference; lastKnownFileType = sourcecode.cpp.cpp; path = imgui_stdlib.cpp; sourceTree = "<group>"; };
		322519EF2C0D2E9100049D9C /* imgui_stdlib.h */ = {isa = PBXFileReference; lastKnownFileType = sourcecode.c.h; path = imgui_stdlib.h; sourceTree = "<group>"; };
		322519F02C0D2E9100049D9C /* README.txt */ = {isa = PBXFileReference; lastKnownFileType = text; path = README.txt; sourceTree = "<group>"; };
		322519F22C0D2E9100049D9C /* imgui.gdb */ = {isa = PBXFileReference; lastKnownFileType = text; path = imgui.gdb; sourceTree = "<group>"; };
		322519F32C0D2E9100049D9C /* imgui.natstepfilter */ = {isa = PBXFileReference; lastKnownFileType = text.xml; path = imgui.natstepfilter; sourceTree = "<group>"; };
		322519F42C0D2E9100049D9C /* imgui.natvis */ = {isa = PBXFileReference; lastKnownFileType = text.xml; path = imgui.natvis; sourceTree = "<group>"; };
		322519F52C0D2E9100049D9C /* README.txt */ = {isa = PBXFileReference; lastKnownFileType = text; path = README.txt; sourceTree = "<group>"; };
		322519F72C0D2E9100049D9C /* binary_to_compressed_c.cpp */ = {isa = PBXFileReference; lastKnownFileType = sourcecode.cpp.cpp; path = binary_to_compressed_c.cpp; sourceTree = "<group>"; };
		322519F82C0D2E9100049D9C /* Cousine-Regular.ttf */ = {isa = PBXFileReference; lastKnownFileType = file; path = "Cousine-Regular.ttf"; sourceTree = "<group>"; };
		322519F92C0D2E9100049D9C /* DroidSans.ttf */ = {isa = PBXFileReference; lastKnownFileType = file; path = DroidSans.ttf; sourceTree = "<group>"; };
		322519FA2C0D2E9100049D9C /* Karla-Regular.ttf */ = {isa = PBXFileReference; lastKnownFileType = file; path = "Karla-Regular.ttf"; sourceTree = "<group>"; };
		322519FB2C0D2E9100049D9C /* ProggyClean.ttf */ = {isa = PBXFileReference; lastKnownFileType = file; path = ProggyClean.ttf; sourceTree = "<group>"; };
		322519FC2C0D2E9100049D9C /* ProggyTiny.ttf */ = {isa = PBXFileReference; lastKnownFileType = file; path = ProggyTiny.ttf; sourceTree = "<group>"; };
		322519FD2C0D2E9100049D9C /* Roboto-Medium.ttf */ = {isa = PBXFileReference; lastKnownFileType = file; path = "Roboto-Medium.ttf"; sourceTree = "<group>"; };
		322519FF2C0D2E9100049D9C /* imgui_freetype.cpp */ = {isa = PBXFileReference; lastKnownFileType = sourcecode.cpp.cpp; path = imgui_freetype.cpp; sourceTree = "<group>"; };
		32251A002C0D2E9100049D9C /* imgui_freetype.h */ = {isa = PBXFileReference; lastKnownFileType = sourcecode.c.h; path = imgui_freetype.h; sourceTree = "<group>"; };
		32251A012C0D2E9100049D9C /* README.md */ = {isa = PBXFileReference; lastKnownFileType = net.daringfireball.markdown; path = README.md; sourceTree = "<group>"; };
		32251A032C0D2E9100049D9C /* imgui_single_file.h */ = {isa = PBXFileReference; lastKnownFileType = sourcecode.c.h; path = imgui_single_file.h; sourceTree = "<group>"; };
		32251A052C0D2E9100049D9C /* README.txt */ = {isa = PBXFileReference; lastKnownFileType = text; path = README.txt; sourceTree = "<group>"; };
		32251A072C0D2FE400049D9C /* GLUT.framework */ = {isa = PBXFileReference; lastKnownFileType = wrapper.framework; name = GLUT.framework; path = System/Library/Frameworks/GLUT.framework; sourceTree = SDKROOT; };
		322E52F52C13EE17002AFB73 /* libGLEW.2.2.0.dylib */ = {isa = PBXFileReference; lastKnownFileType = "compiled.mach-o.dylib"; name = libGLEW.2.2.0.dylib; path = ../../../../opt/homebrew/Cellar/glew/2.2.0_1/lib/libGLEW.2.2.0.dylib; sourceTree = "<group>"; };
		322E52F82C13F6E2002AFB73 /* window.cpp */ = {isa = PBXFileReference; lastKnownFileType = sourcecode.cpp.cpp; path = window.cpp; sourceTree = "<group>"; };
		322E52F92C13F6E2002AFB73 /* window.hpp */ = {isa = PBXFileReference; lastKnownFileType = sourcecode.cpp.h; path = window.hpp; sourceTree = "<group>"; };
		322E52FB2C13FD88002AFB73 /* libSDL2-2.0.0.dylib */ = {isa = PBXFileReference; lastKnownFileType = "compiled.mach-o.dylib"; name = "libSDL2-2.0.0.dylib"; path = "../../../../opt/homebrew/Cellar/sdl2/2.30.3/lib/libSDL2-2.0.0.dylib"; sourceTree = "<group>"; };
		322E52FE2C140339002AFB73 /* libsfml-system.2.6.1.dylib */ = {isa = PBXFileReference; lastKnownFileType = "compiled.mach-o.dylib"; name = "libsfml-system.2.6.1.dylib"; path = "../../../../opt/homebrew/Cellar/sfml/2.6.1/lib/libsfml-system.2.6.1.dylib"; sourceTree = "<group>"; };
		322E52FF2C14033A002AFB73 /* libsfml-window.2.6.1.dylib */ = {isa = PBXFileReference; lastKnownFileType = "compiled.mach-o.dylib"; name = "libsfml-window.2.6.1.dylib"; path = "../../../../opt/homebrew/Cellar/sfml/2.6.1/lib/libsfml-window.2.6.1.dylib"; sourceTree = "<group>"; };
		322E53042C14A5CF002AFB73 /* rendering.cpp */ = {isa = PBXFileReference; lastKnownFileType = sourcecode.cpp.cpp; path = rendering.cpp; sourceTree = "<group>"; };
		322E53052C14A5CF002AFB73 /* rendering.hpp */ = {isa = PBXFileReference; lastKnownFileType = sourcecode.cpp.h; path = rendering.hpp; sourceTree = "<group>"; };
		322E53072C1532E6002AFB73 /* primitive.cpp */ = {isa = PBXFileReference; lastKnownFileType = sourcecode.cpp.cpp; path = primitive.cpp; sourceTree = "<group>"; };
		322E53082C1532E6002AFB73 /* primitive.hpp */ = {isa = PBXFileReference; lastKnownFileType = sourcecode.cpp.h; path = primitive.hpp; sourceTree = "<group>"; };
		323A00E22C0AA4360056BAD1 /* libglfw.3.4.dylib */ = {isa = PBXFileReference; lastKnownFileType = "compiled.mach-o.dylib"; name = libglfw.3.4.dylib; path = ../../../../opt/homebrew/Cellar/glfw/3.4/lib/libglfw.3.4.dylib; sourceTree = "<group>"; };
		323A00E62C0AC3530056BAD1 /* glad.c */ = {isa = PBXFileReference; fileEncoding = 4; lastKnownFileType = sourcecode.c.c; name = glad.c; path = "../../OpenGL/glad-4.1/src/glad.c"; sourceTree = "<group>"; };
		323A00EC2C0AC7440056BAD1 /* commander.cpp */ = {isa = PBXFileReference; lastKnownFileType = sourcecode.cpp.cpp; path = commander.cpp; sourceTree = "<group>"; };
		323A00ED2C0AC7440056BAD1 /* commander.hpp */ = {isa = PBXFileReference; lastKnownFileType = sourcecode.cpp.h; path = commander.hpp; sourceTree = "<group>"; };
		326A8BE72C0A28E300E30250 /* OpenGL.framework */ = {isa = PBXFileReference; lastKnownFileType = wrapper.framework; name = OpenGL.framework; path = System/Library/Frameworks/OpenGL.framework; sourceTree = SDKROOT; };
		3278B0BE2C097C5500DF6489 /* GV_Core_with_OpenGL */ = {isa = PBXFileReference; explicitFileType = "compiled.mach-o.executable"; includeInIndex = 0; path = GV_Core_with_OpenGL; sourceTree = BUILT_PRODUCTS_DIR; };
		3278B0C12C097C5500DF6489 /* main.cpp */ = {isa = PBXFileReference; lastKnownFileType = sourcecode.cpp.cpp; path = main.cpp; sourceTree = "<group>"; };
		32948FAB2C157E65007A0078 /* glexception.cpp */ = {isa = PBXFileReference; lastKnownFileType = sourcecode.cpp.cpp; path = glexception.cpp; sourceTree = "<group>"; };
		32948FAC2C157E65007A0078 /* glexception.hpp */ = {isa = PBXFileReference; lastKnownFileType = sourcecode.cpp.h; path = glexception.hpp; sourceTree = "<group>"; };
/* End PBXFileReference section */

/* Begin PBXFrameworksBuildPhase section */
		3278B0BB2C097C5500DF6489 /* Frameworks */ = {
			isa = PBXFrameworksBuildPhase;
			buildActionMask = 2147483647;
			files = (
				322E52FC2C13FD88002AFB73 /* libSDL2-2.0.0.dylib in Frameworks */,
				322E52F62C13EE17002AFB73 /* libGLEW.2.2.0.dylib in Frameworks */,
				326A8BEF2C0A2BC200E30250 /* OpenGL.framework in Frameworks */,
				323A00E32C0AA4360056BAD1 /* libglfw.3.4.dylib in Frameworks */,
			);
			runOnlyForDeploymentPostprocessing = 0;
		};
/* End PBXFrameworksBuildPhase section */

/* Begin PBXGroup section */
		322519B32C0D2DDB00049D9C /* imgui */ = {
			isa = PBXGroup;
			children = (
				322519ED2C0D2E9100049D9C /* backends */,
				32251A062C0D2E9100049D9C /* misc */,
				322519A72C0D2DDB00049D9C /* imconfig.h */,
				322519A82C0D2DDB00049D9C /* imgui_demo.cpp */,
				322519A92C0D2DDB00049D9C /* imgui_draw.cpp */,
				322519AA2C0D2DDB00049D9C /* imgui_internal.h */,
				322519AB2C0D2DDB00049D9C /* imgui_tables.cpp */,
				322519AC2C0D2DDB00049D9C /* imgui_widgets.cpp */,
				322519AD2C0D2DDB00049D9C /* imgui.cpp */,
				322519AE2C0D2DDB00049D9C /* imgui.h */,
				322519AF2C0D2DDB00049D9C /* imstb_rectpack.h */,
				322519B02C0D2DDB00049D9C /* imstb_textedit.h */,
				322519B12C0D2DDB00049D9C /* imstb_truetype.h */,
				322519B22C0D2DDB00049D9C /* LICENSE.txt */,
			);
			path = imgui;
			sourceTree = "<group>";
		};
		322519C52C0D2E9100049D9C /* vulkan */ = {
			isa = PBXGroup;
			children = (
				322519C22C0D2E9100049D9C /* generate_spv.sh */,
				322519C32C0D2E9100049D9C /* glsl_shader.frag */,
				322519C42C0D2E9100049D9C /* glsl_shader.vert */,
			);
			path = vulkan;
			sourceTree = "<group>";
		};
		322519ED2C0D2E9100049D9C /* backends */ = {
			isa = PBXGroup;
			children = (
				322519C52C0D2E9100049D9C /* vulkan */,
				322519C62C0D2E9100049D9C /* imgui_impl_allegro5.cpp */,
				322519C72C0D2E9100049D9C /* imgui_impl_allegro5.h */,
				322519C82C0D2E9100049D9C /* imgui_impl_android.cpp */,
				322519C92C0D2E9100049D9C /* imgui_impl_android.h */,
				322519CA2C0D2E9100049D9C /* imgui_impl_dx9.cpp */,
				322519CB2C0D2E9100049D9C /* imgui_impl_dx9.h */,
				322519CC2C0D2E9100049D9C /* imgui_impl_dx10.cpp */,
				322519CD2C0D2E9100049D9C /* imgui_impl_dx10.h */,
				322519CE2C0D2E9100049D9C /* imgui_impl_dx11.cpp */,
				322519CF2C0D2E9100049D9C /* imgui_impl_dx11.h */,
				322519D02C0D2E9100049D9C /* imgui_impl_dx12.cpp */,
				322519D12C0D2E9100049D9C /* imgui_impl_dx12.h */,
				322519D22C0D2E9100049D9C /* imgui_impl_glfw.cpp */,
				322519D32C0D2E9100049D9C /* imgui_impl_glfw.h */,
				322519D42C0D2E9100049D9C /* imgui_impl_glut.cpp */,
				322519D52C0D2E9100049D9C /* imgui_impl_glut.h */,
				322519D62C0D2E9100049D9C /* imgui_impl_metal.h */,
				322519D72C0D2E9100049D9C /* imgui_impl_metal.mm */,
				322519D82C0D2E9100049D9C /* imgui_impl_opengl2.cpp */,
				322519D92C0D2E9100049D9C /* imgui_impl_opengl2.h */,
				322519DA2C0D2E9100049D9C /* imgui_impl_opengl3_loader.h */,
				322519DB2C0D2E9100049D9C /* imgui_impl_opengl3.cpp */,
				322519DC2C0D2E9100049D9C /* imgui_impl_opengl3.h */,
				322519DD2C0D2E9100049D9C /* imgui_impl_osx.h */,
				322519DE2C0D2E9100049D9C /* imgui_impl_osx.mm */,
				322519DF2C0D2E9100049D9C /* imgui_impl_sdl2.cpp */,
				322519E02C0D2E9100049D9C /* imgui_impl_sdl2.h */,
				322519E12C0D2E9100049D9C /* imgui_impl_sdl3.cpp */,
				322519E22C0D2E9100049D9C /* imgui_impl_sdl3.h */,
				322519E32C0D2E9100049D9C /* imgui_impl_sdlrenderer2.cpp */,
				322519E42C0D2E9100049D9C /* imgui_impl_sdlrenderer2.h */,
				322519E52C0D2E9100049D9C /* imgui_impl_sdlrenderer3.cpp */,
				322519E62C0D2E9100049D9C /* imgui_impl_sdlrenderer3.h */,
				322519E72C0D2E9100049D9C /* imgui_impl_vulkan.cpp */,
				322519E82C0D2E9100049D9C /* imgui_impl_vulkan.h */,
				322519E92C0D2E9100049D9C /* imgui_impl_wgpu.cpp */,
				322519EA2C0D2E9100049D9C /* imgui_impl_wgpu.h */,
				322519EB2C0D2E9100049D9C /* imgui_impl_win32.cpp */,
				322519EC2C0D2E9100049D9C /* imgui_impl_win32.h */,
			);
			path = backends;
			sourceTree = "<group>";
		};
		322519F12C0D2E9100049D9C /* cpp */ = {
			isa = PBXGroup;
			children = (
				322519EE2C0D2E9100049D9C /* imgui_stdlib.cpp */,
				322519EF2C0D2E9100049D9C /* imgui_stdlib.h */,
				322519F02C0D2E9100049D9C /* README.txt */,
			);
			path = cpp;
			sourceTree = "<group>";
		};
		322519F62C0D2E9100049D9C /* debuggers */ = {
			isa = PBXGroup;
			children = (
				322519F22C0D2E9100049D9C /* imgui.gdb */,
				322519F32C0D2E9100049D9C /* imgui.natstepfilter */,
				322519F42C0D2E9100049D9C /* imgui.natvis */,
				322519F52C0D2E9100049D9C /* README.txt */,
			);
			path = debuggers;
			sourceTree = "<group>";
		};
		322519FE2C0D2E9100049D9C /* fonts */ = {
			isa = PBXGroup;
			children = (
				322519F72C0D2E9100049D9C /* binary_to_compressed_c.cpp */,
				322519F82C0D2E9100049D9C /* Cousine-Regular.ttf */,
				322519F92C0D2E9100049D9C /* DroidSans.ttf */,
				322519FA2C0D2E9100049D9C /* Karla-Regular.ttf */,
				322519FB2C0D2E9100049D9C /* ProggyClean.ttf */,
				322519FC2C0D2E9100049D9C /* ProggyTiny.ttf */,
				322519FD2C0D2E9100049D9C /* Roboto-Medium.ttf */,
			);
			path = fonts;
			sourceTree = "<group>";
		};
		32251A022C0D2E9100049D9C /* freetype */ = {
			isa = PBXGroup;
			children = (
				322519FF2C0D2E9100049D9C /* imgui_freetype.cpp */,
				32251A002C0D2E9100049D9C /* imgui_freetype.h */,
				32251A012C0D2E9100049D9C /* README.md */,
			);
			path = freetype;
			sourceTree = "<group>";
		};
		32251A042C0D2E9100049D9C /* single_file */ = {
			isa = PBXGroup;
			children = (
				32251A032C0D2E9100049D9C /* imgui_single_file.h */,
			);
			path = single_file;
			sourceTree = "<group>";
		};
		32251A062C0D2E9100049D9C /* misc */ = {
			isa = PBXGroup;
			children = (
				322519F12C0D2E9100049D9C /* cpp */,
				322519F62C0D2E9100049D9C /* debuggers */,
				322519FE2C0D2E9100049D9C /* fonts */,
				32251A022C0D2E9100049D9C /* freetype */,
				32251A042C0D2E9100049D9C /* single_file */,
				32251A052C0D2E9100049D9C /* README.txt */,
			);
			path = misc;
			sourceTree = "<group>";
		};
		326A8BE62C0A28E300E30250 /* Frameworks */ = {
			isa = PBXGroup;
			children = (
				322E52FE2C140339002AFB73 /* libsfml-system.2.6.1.dylib */,
				322E52FF2C14033A002AFB73 /* libsfml-window.2.6.1.dylib */,
				322E52FB2C13FD88002AFB73 /* libSDL2-2.0.0.dylib */,
				322E52F52C13EE17002AFB73 /* libGLEW.2.2.0.dylib */,
				32251A072C0D2FE400049D9C /* GLUT.framework */,
				323A00E22C0AA4360056BAD1 /* libglfw.3.4.dylib */,
				326A8BE72C0A28E300E30250 /* OpenGL.framework */,
			);
			name = Frameworks;
			sourceTree = "<group>";
		};
		3278B0B52C097C5500DF6489 = {
			isa = PBXGroup;
			children = (
				322519B32C0D2DDB00049D9C /* imgui */,
				3278B0C02C097C5500DF6489 /* GV_Core_with_OpenGL */,
				3278B0BF2C097C5500DF6489 /* Products */,
				326A8BE62C0A28E300E30250 /* Frameworks */,
			);
			sourceTree = "<group>";
		};
		3278B0BF2C097C5500DF6489 /* Products */ = {
			isa = PBXGroup;
			children = (
				3278B0BE2C097C5500DF6489 /* GV_Core_with_OpenGL */,
			);
			name = Products;
			sourceTree = "<group>";
		};
		3278B0C02C097C5500DF6489 /* GV_Core_with_OpenGL */ = {
			isa = PBXGroup;
			children = (
				323A00EC2C0AC7440056BAD1 /* commander.cpp */,
				323A00ED2C0AC7440056BAD1 /* commander.hpp */,
				322E52F82C13F6E2002AFB73 /* window.cpp */,
				322E52F92C13F6E2002AFB73 /* window.hpp */,
				323A00E62C0AC3530056BAD1 /* glad.c */,
				3278B0C12C097C5500DF6489 /* main.cpp */,
				322E53042C14A5CF002AFB73 /* rendering.cpp */,
				322E53052C14A5CF002AFB73 /* rendering.hpp */,
				322E53072C1532E6002AFB73 /* primitive.cpp */,
				322E53082C1532E6002AFB73 /* primitive.hpp */,
				32948FAB2C157E65007A0078 /* glexception.cpp */,
				32948FAC2C157E65007A0078 /* glexception.hpp */,
			);
			path = GV_Core_with_OpenGL;
			sourceTree = "<group>";
		};
/* End PBXGroup section */

/* Begin PBXNativeTarget section */
		3278B0BD2C097C5500DF6489 /* GV_Core_with_OpenGL */ = {
			isa = PBXNativeTarget;
			buildConfigurationList = 3278B0C52C097C5500DF6489 /* Build configuration list for PBXNativeTarget "GV_Core_with_OpenGL" */;
			buildPhases = (
				3278B0BA2C097C5500DF6489 /* Sources */,
				3278B0BB2C097C5500DF6489 /* Frameworks */,
				3278B0BC2C097C5500DF6489 /* CopyFiles */,
				323A00E52C0AA4360056BAD1 /* Embed Libraries */,
			);
			buildRules = (
			);
			dependencies = (
			);
			name = GV_Core_with_OpenGL;
			productName = GV_Core_with_OpenGL;
			productReference = 3278B0BE2C097C5500DF6489 /* GV_Core_with_OpenGL */;
			productType = "com.apple.product-type.tool";
		};
/* End PBXNativeTarget section */

/* Begin PBXProject section */
		3278B0B62C097C5500DF6489 /* Project object */ = {
			isa = PBXProject;
			attributes = {
				BuildIndependentTargetsInParallel = 1;
				LastUpgradeCheck = 1540;
				TargetAttributes = {
					3278B0BD2C097C5500DF6489 = {
						CreatedOnToolsVersion = 15.4;
					};
				};
			};
			buildConfigurationList = 3278B0B92C097C5500DF6489 /* Build configuration list for PBXProject "GV_Core_with_OpenGL" */;
			compatibilityVersion = "Xcode 14.0";
			developmentRegion = en;
			hasScannedForEncodings = 0;
			knownRegions = (
				en,
				Base,
			);
			mainGroup = 3278B0B52C097C5500DF6489;
			productRefGroup = 3278B0BF2C097C5500DF6489 /* Products */;
			projectDirPath = "";
			projectRoot = "";
			targets = (
				3278B0BD2C097C5500DF6489 /* GV_Core_with_OpenGL */,
			);
		};
/* End PBXProject section */

/* Begin PBXSourcesBuildPhase section */
		3278B0BA2C097C5500DF6489 /* Sources */ = {
			isa = PBXSourcesBuildPhase;
			buildActionMask = 2147483647;
			files = (
				3278B0C22C097C5500DF6489 /* main.cpp in Sources */,
				322E53062C14A5CF002AFB73 /* rendering.cpp in Sources */,
				323A00E72C0AC3530056BAD1 /* glad.c in Sources */,
				32948FAD2C157E65007A0078 /* glexception.cpp in Sources */,
				323A00EE2C0AC7440056BAD1 /* commander.cpp in Sources */,
				322E52FA2C13F6E2002AFB73 /* window.cpp in Sources */,
				322E53092C1532E6002AFB73 /* primitive.cpp in Sources */,
			);
			runOnlyForDeploymentPostprocessing = 0;
		};
/* End PBXSourcesBuildPhase section */

/* Begin XCBuildConfiguration section */
		3278B0C32C097C5500DF6489 /* Debug */ = {
			isa = XCBuildConfiguration;
			buildSettings = {
				ALLOW_TARGET_PLATFORM_SPECIALIZATION = YES;
				ALWAYS_EMBED_SWIFT_STANDARD_LIBRARIES = YES;
				ALWAYS_SEARCH_USER_PATHS = YES;
				ASSETCATALOG_COMPILER_GENERATE_SWIFT_ASSET_SYMBOL_EXTENSIONS = YES;
				CLANG_ANALYZER_NONNULL = YES;
				CLANG_ANALYZER_NUMBER_OBJECT_CONVERSION = YES_AGGRESSIVE;
				CLANG_CXX_LANGUAGE_STANDARD = "gnu++20";
				CLANG_ENABLE_MODULES = YES;
				CLANG_ENABLE_OBJC_ARC = YES;
				CLANG_ENABLE_OBJC_WEAK = YES;
				CLANG_WARN_BLOCK_CAPTURE_AUTORELEASING = YES;
				CLANG_WARN_BOOL_CONVERSION = YES;
				CLANG_WARN_COMMA = YES;
				CLANG_WARN_CONSTANT_CONVERSION = YES;
				CLANG_WARN_DEPRECATED_OBJC_IMPLEMENTATIONS = YES;
				CLANG_WARN_DIRECT_OBJC_ISA_USAGE = YES_ERROR;
				CLANG_WARN_DOCUMENTATION_COMMENTS = YES;
				CLANG_WARN_EMPTY_BODY = YES;
				CLANG_WARN_ENUM_CONVERSION = YES;
				CLANG_WARN_INFINITE_RECURSION = YES;
				CLANG_WARN_INT_CONVERSION = YES;
				CLANG_WARN_NON_LITERAL_NULL_CONVERSION = YES;
				CLANG_WARN_OBJC_IMPLICIT_RETAIN_SELF = YES;
				CLANG_WARN_OBJC_LITERAL_CONVERSION = YES;
				CLANG_WARN_OBJC_ROOT_CLASS = YES_ERROR;
				CLANG_WARN_QUOTED_INCLUDE_IN_FRAMEWORK_HEADER = YES;
				CLANG_WARN_RANGE_LOOP_ANALYSIS = YES;
				CLANG_WARN_STRICT_PROTOTYPES = YES;
				CLANG_WARN_SUSPICIOUS_MOVE = YES;
				CLANG_WARN_UNGUARDED_AVAILABILITY = YES_AGGRESSIVE;
				CLANG_WARN_UNREACHABLE_CODE = YES;
				CLANG_WARN__DUPLICATE_METHOD_MATCH = YES;
				COPY_PHASE_STRIP = NO;
				DEBUG_INFORMATION_FORMAT = dwarf;
				ENABLE_STRICT_OBJC_MSGSEND = YES;
				ENABLE_TESTABILITY = YES;
				ENABLE_USER_SCRIPT_SANDBOXING = YES;
				GCC_C_LANGUAGE_STANDARD = gnu17;
				GCC_DYNAMIC_NO_PIC = NO;
				GCC_NO_COMMON_BLOCKS = YES;
				GCC_OPTIMIZATION_LEVEL = 0;
				GCC_PREPROCESSOR_DEFINITIONS = (
					"DEBUG=1",
					"$(inherited)",
				);
				GCC_WARN_64_TO_32_BIT_CONVERSION = YES;
				GCC_WARN_ABOUT_RETURN_TYPE = YES_ERROR;
				GCC_WARN_UNDECLARED_SELECTOR = YES;
				GCC_WARN_UNINITIALIZED_AUTOS = YES_AGGRESSIVE;
				GCC_WARN_UNUSED_FUNCTION = YES;
				GCC_WARN_UNUSED_VARIABLE = YES;
				LOCALIZATION_PREFERS_STRING_CATALOGS = YES;
				MACOSX_DEPLOYMENT_TARGET = 14.5;
				MTL_ENABLE_DEBUG_INFO = INCLUDE_SOURCE;
				MTL_FAST_MATH = YES;
				ONLY_ACTIVE_ARCH = YES;
				SDKROOT = macosx;
				SYSTEM_HEADER_SEARCH_PATHS = "";
			};
			name = Debug;
		};
		3278B0C42C097C5500DF6489 /* Release */ = {
			isa = XCBuildConfiguration;
			buildSettings = {
				ALLOW_TARGET_PLATFORM_SPECIALIZATION = YES;
				ALWAYS_EMBED_SWIFT_STANDARD_LIBRARIES = YES;
				ALWAYS_SEARCH_USER_PATHS = YES;
				ASSETCATALOG_COMPILER_GENERATE_SWIFT_ASSET_SYMBOL_EXTENSIONS = YES;
				CLANG_ANALYZER_NONNULL = YES;
				CLANG_ANALYZER_NUMBER_OBJECT_CONVERSION = YES_AGGRESSIVE;
				CLANG_CXX_LANGUAGE_STANDARD = "gnu++20";
				CLANG_ENABLE_MODULES = YES;
				CLANG_ENABLE_OBJC_ARC = YES;
				CLANG_ENABLE_OBJC_WEAK = YES;
				CLANG_WARN_BLOCK_CAPTURE_AUTORELEASING = YES;
				CLANG_WARN_BOOL_CONVERSION = YES;
				CLANG_WARN_COMMA = YES;
				CLANG_WARN_CONSTANT_CONVERSION = YES;
				CLANG_WARN_DEPRECATED_OBJC_IMPLEMENTATIONS = YES;
				CLANG_WARN_DIRECT_OBJC_ISA_USAGE = YES_ERROR;
				CLANG_WARN_DOCUMENTATION_COMMENTS = YES;
				CLANG_WARN_EMPTY_BODY = YES;
				CLANG_WARN_ENUM_CONVERSION = YES;
				CLANG_WARN_INFINITE_RECURSION = YES;
				CLANG_WARN_INT_CONVERSION = YES;
				CLANG_WARN_NON_LITERAL_NULL_CONVERSION = YES;
				CLANG_WARN_OBJC_IMPLICIT_RETAIN_SELF = YES;
				CLANG_WARN_OBJC_LITERAL_CONVERSION = YES;
				CLANG_WARN_OBJC_ROOT_CLASS = YES_ERROR;
				CLANG_WARN_QUOTED_INCLUDE_IN_FRAMEWORK_HEADER = YES;
				CLANG_WARN_RANGE_LOOP_ANALYSIS = YES;
				CLANG_WARN_STRICT_PROTOTYPES = YES;
				CLANG_WARN_SUSPICIOUS_MOVE = YES;
				CLANG_WARN_UNGUARDED_AVAILABILITY = YES_AGGRESSIVE;
				CLANG_WARN_UNREACHABLE_CODE = YES;
				CLANG_WARN__DUPLICATE_METHOD_MATCH = YES;
				COPY_PHASE_STRIP = NO;
				DEBUG_INFORMATION_FORMAT = "dwarf-with-dsym";
				ENABLE_NS_ASSERTIONS = NO;
				ENABLE_STRICT_OBJC_MSGSEND = YES;
				ENABLE_USER_SCRIPT_SANDBOXING = YES;
				GCC_C_LANGUAGE_STANDARD = gnu17;
				GCC_NO_COMMON_BLOCKS = YES;
				GCC_WARN_64_TO_32_BIT_CONVERSION = YES;
				GCC_WARN_ABOUT_RETURN_TYPE = YES_ERROR;
				GCC_WARN_UNDECLARED_SELECTOR = YES;
				GCC_WARN_UNINITIALIZED_AUTOS = YES_AGGRESSIVE;
				GCC_WARN_UNUSED_FUNCTION = YES;
				GCC_WARN_UNUSED_VARIABLE = YES;
				LOCALIZATION_PREFERS_STRING_CATALOGS = YES;
				MACOSX_DEPLOYMENT_TARGET = 14.5;
				MTL_ENABLE_DEBUG_INFO = NO;
				MTL_FAST_MATH = YES;
				SDKROOT = macosx;
			};
			name = Release;
		};
		3278B0C62C097C5500DF6489 /* Debug */ = {
			isa = XCBuildConfiguration;
			buildSettings = {
				CODE_SIGN_STYLE = Automatic;
				DEVELOPMENT_TEAM = 379P4X5DA9;
				ENABLE_HARDENED_RUNTIME = YES;
				GCC_OPTIMIZATION_LEVEL = 2;
				GCC_STRICT_ALIASING = NO;
				LIBRARY_SEARCH_PATHS = (
					/opt/homebrew/Cellar/glew/2.2.0_1/lib,
					/opt/homebrew/Cellar/glfw/3.4/lib,
					/opt/homebrew/Cellar/sdl2/2.30.3/lib,
					/opt/homebrew/Cellar/sfml/2.6.1/lib,
				);
				PRODUCT_NAME = "$(TARGET_NAME)";
				SYSTEM_HEADER_SEARCH_PATHS = (
					"${glew_header-2.2}",
					"${glad_header-4.1}",
					"${glfw_header-3.4}",
					"${sdl2_header}",
					"${sfml_header-2.6}",
				);
			};
			name = Debug;
		};
		3278B0C72C097C5500DF6489 /* Release */ = {
			isa = XCBuildConfiguration;
			buildSettings = {
				CODE_SIGN_STYLE = Automatic;
				DEVELOPMENT_TEAM = 379P4X5DA9;
				ENABLE_HARDENED_RUNTIME = YES;
				GCC_STRICT_ALIASING = NO;
				LIBRARY_SEARCH_PATHS = (
					/opt/homebrew/Cellar/glew/2.2.0_1/lib,
					/opt/homebrew/Cellar/glfw/3.4/lib,
					/opt/homebrew/Cellar/sdl2/2.30.3/lib,
					/opt/homebrew/Cellar/sfml/2.6.1/lib,
				);
				PRODUCT_NAME = "$(TARGET_NAME)";
				SYSTEM_HEADER_SEARCH_PATHS = (
					"${glew_header-2.2}",
					"${glad_header-4.1}",
					"${glfw_header-3.4}",
					"${sdl2_header}",
					"${sfml_header-2.6}",
				);
			};
			name = Release;
		};
/* End XCBuildConfiguration section */

/* Begin XCConfigurationList section */
		3278B0B92C097C5500DF6489 /* Build configuration list for PBXProject "GV_Core_with_OpenGL" */ = {
			isa = XCConfigurationList;
			buildConfigurations = (
				3278B0C32C097C5500DF6489 /* Debug */,
				3278B0C42C097C5500DF6489 /* Release */,
			);
			defaultConfigurationIsVisible = 0;
			defaultConfigurationName = Release;
		};
		3278B0C52C097C5500DF6489 /* Build configuration list for PBXNativeTarget "GV_Core_with_OpenGL" */ = {
			isa = XCConfigurationList;
			buildConfigurations = (
				3278B0C62C097C5500DF6489 /* Debug */,
				3278B0C72C097C5500DF6489 /* Release */,
			);
			defaultConfigurationIsVisible = 0;
			defaultConfigurationName = Release;
		};
/* End XCConfigurationList section */
	};
	rootObject = 3278B0B62C097C5500DF6489 /* Project object */;
}
